
Microsoft Visual Studio Solution File, Format Version 12.00
# Visual Studio Version 17
VisualStudioVersion = 17.14.36429.23
MinimumVisualStudioVersion = 10.0.40219.1
Project("{2150E333-8FDC-42A3-9474-1A3956D46DE8}") = "Task0", "Task0", "{02EA681E-C7D8-13C7-8484-4AC65E1B71E8}"
EndProject
Project("{FAE04EC0-301F-11D3-BF4B-00C04F79EFBC}") = "Tyuiu.MakarovAY.Sprint1.Task0.V16", "Tyuiu.MakarovAY.Sprint1.Task0.V16\Tyuiu.MakarovAY.Sprint1.Task0.V16.csproj", "{0C2BD0A3-ADF6-4900-BEFE-D44FBE0147D6}"
EndProject
Project("{FAE04EC0-301F-11D3-BF4B-00C04F79EFBC}") = "Tyuiu.MakarovAY.Sprint1.Task0.V16.Lib", "Tyuiu.MakarovAY.Sprint1.Task0.V16.Lib\Tyuiu.MakarovAY.Sprint1.Task0.V16.Lib.csproj", "{0FBB2EC7-70D1-482E-A64D-860133487CE3}"
EndProject
Project("{FAE04EC0-301F-11D3-BF4B-00C04F79EFBC}") = "Tyuiu.MakarovAY.Sprint1.Task0.V16.Test", "Tyuiu.MakarovAY.Sprint1.Task0.V16.Test\Tyuiu.MakarovAY.Sprint1.Task0.V16.Test.csproj", "{624CC39A-252D-4DE0-B570-3C4037984A88}"
EndProject
Project("{2150E333-8FDC-42A3-9474-1A3956D46DE8}") = "Task1", "Task1", "{12A9B772-5CB8-4371-96F9-35F01970A53A}"
EndProject
Project("{FAE04EC0-301F-11D3-BF4B-00C04F79EFBC}") = "Tyuiu.MakarovAY.Sprint1.Task1.V3", "Tyuiu.MakarovAY.Sprint1.Task1.V3\Tyuiu.MakarovAY.Sprint1.Task1.V3.csproj", "{4BA06D70-D6D2-40BB-9AF7-5C9F40279ACD}"
EndProject
Project("{FAE04EC0-301F-11D3-BF4B-00C04F79EFBC}") = "Tyuiu.MakarovAY.Sprint1.Task1.V3.Lib", "Tyuiu.MakarovAY.Sprint1.Task1.V3.Lib\Tyuiu.MakarovAY.Sprint1.Task1.V3.Lib.csproj", "{7C82B814-61BE-4B62-A2A9-620262D0C6FA}"
EndProject
Project("{FAE04EC0-301F-11D3-BF4B-00C04F79EFBC}") = "Tyuiu.MakarovAY.Sprint1.Task1.V3.Test", "Tyuiu.MakarovAY.Sprint1.Task1.V3.Test\Tyuiu.MakarovAY.Sprint1.Task1.V3.Test.csproj", "{FAD18EA9-F5FE-4EEF-9894-DD4AD6CB3295}"
EndProject
Global
	GlobalSection(SolutionConfigurationPlatforms) = preSolution
		Debug|Any CPU = Debug|Any CPU
		Release|Any CPU = Release|Any CPU
	EndGlobalSection
	GlobalSection(ProjectConfigurationPlatforms) = postSolution
		{0C2BD0A3-ADF6-4900-BEFE-D44FBE0147D6}.Debug|Any CPU.ActiveCfg = Debug|Any CPU
		{0C2BD0A3-ADF6-4900-BEFE-D44FBE0147D6}.Debug|Any CPU.Build.0 = Debug|Any CPU
		{0C2BD0A3-ADF6-4900-BEFE-D44FBE0147D6}.Release|Any CPU.ActiveCfg = Release|Any CPU
		{0C2BD0A3-ADF6-4900-BEFE-D44FBE0147D6}.Release|Any CPU.Build.0 = Release|Any CPU
		{0FBB2EC7-70D1-482E-A64D-860133487CE3}.Debug|Any CPU.ActiveCfg = Debug|Any CPU
		{0FBB2EC7-70D1-482E-A64D-860133487CE3}.Debug|Any CPU.Build.0 = Debug|Any CPU
		{0FBB2EC7-70D1-482E-A64D-860133487CE3}.Release|Any CPU.ActiveCfg = Release|Any CPU
		{0FBB2EC7-70D1-482E-A64D-860133487CE3}.Release|Any CPU.Build.0 = Release|Any CPU
		{624CC39A-252D-4DE0-B570-3C4037984A88}.Debug|Any CPU.ActiveCfg = Debug|Any CPU
		{624CC39A-252D-4DE0-B570-3C4037984A88}.Debug|Any CPU.Build.0 = Debug|Any CPU
		{624CC39A-252D-4DE0-B570-3C4037984A88}.Release|Any CPU.ActiveCfg = Release|Any CPU
		{624CC39A-252D-4DE0-B570-3C4037984A88}.Release|Any CPU.Build.0 = Release|Any CPU
		{4BA06D70-D6D2-40BB-9AF7-5C9F40279ACD}.Debug|Any CPU.ActiveCfg = Debug|Any CPU
		{4BA06D70-D6D2-40BB-9AF7-5C9F40279ACD}.Debug|Any CPU.Build.0 = Debug|Any CPU
		{4BA06D70-D6D2-40BB-9AF7-5C9F40279ACD}.Release|Any CPU.ActiveCfg = Release|Any CPU
		{4BA06D70-D6D2-40BB-9AF7-5C9F40279ACD}.Release|Any CPU.Build.0 = Release|Any CPU
		{7C82B814-61BE-4B62-A2A9-620262D0C6FA}.Debug|Any CPU.ActiveCfg = Debug|Any CPU
		{7C82B814-61BE-4B62-A2A9-620262D0C6FA}.Debug|Any CPU.Build.0 = Debug|Any CPU
		{7C82B814-61BE-4B62-A2A9-620262D0C6FA}.Release|Any CPU.ActiveCfg = Release|Any CPU
		{7C82B814-61BE-4B62-A2A9-620262D0C6FA}.Release|Any CPU.Build.0 = Release|Any CPU
		{FAD18EA9-F5FE-4EEF-9894-DD4AD6CB3295}.Debug|Any CPU.ActiveCfg = Debug|Any CPU
		{FAD18EA9-F5FE-4EEF-9894-DD4AD6CB3295}.Debug|Any CPU.Build.0 = Debug|Any CPU
		{FAD18EA9-F5FE-4EEF-9894-DD4AD6CB3295}.Release|Any CPU.ActiveCfg = Release|Any CPU
		{FAD18EA9-F5FE-4EEF-9894-DD4AD6CB3295}.Release|Any CPU.Build.0 = Release|Any CPU
	EndGlobalSection
	GlobalSection(SolutionProperties) = preSolution
		HideSolutionNode = FALSE
	EndGlobalSection
	GlobalSection(NestedProjects) = preSolution
		{0C2BD0A3-ADF6-4900-BEFE-D44FBE0147D6} = {02EA681E-C7D8-13C7-8484-4AC65E1B71E8}
		{0FBB2EC7-70D1-482E-A64D-860133487CE3} = {02EA681E-C7D8-13C7-8484-4AC65E1B71E8}
		{624CC39A-252D-4DE0-B570-3C4037984A88} = {02EA681E-C7D8-13C7-8484-4AC65E1B71E8}
		{4BA06D70-D6D2-40BB-9AF7-5C9F40279ACD} = {12A9B772-5CB8-4371-96F9-35F01970A53A}
		{7C82B814-61BE-4B62-A2A9-620262D0C6FA} = {12A9B772-5CB8-4371-96F9-35F01970A53A}
		{FAD18EA9-F5FE-4EEF-9894-DD4AD6CB3295} = {12A9B772-5CB8-4371-96F9-35F01970A53A}
	EndGlobalSection
	GlobalSection(ExtensibilityGlobals) = postSolution
		SolutionGuid = {FFAE02B3-7A7D-43BE-A55B-38CA4D7DB8CB}
	EndGlobalSection
EndGlobal
