
Microsoft Visual Studio Solution File, Format Version 12.00
# Visual Studio Version 17
VisualStudioVersion = 17.14.36429.23
MinimumVisualStudioVersion = 10.0.40219.1
Project("{2150E333-8FDC-42A3-9474-1A3956D46DE8}") = "Task0", "Task0", "{02EA681E-C7D8-13C7-8484-4AC65E1B71E8}"
EndProject
Project("{FAE04EC0-301F-11D3-BF4B-00C04F79EFBC}") = "Tyuiu.MakarovAY.Sprint1.Task0.V16", "Tyuiu.MakarovAY.Sprint1.Task0.V16\Tyuiu.MakarovAY.Sprint1.Task0.V16.csproj", "{0C2BD0A3-ADF6-4900-BEFE-D44FBE0147D6}"
EndProject
Project("{FAE04EC0-301F-11D3-BF4B-00C04F79EFBC}") = "Tyuiu.MakarovAY.Sprint1.Task0.V16.Lib", "Tyuiu.MakarovAY.Sprint1.Task0.V16.Lib\Tyuiu.MakarovAY.Sprint1.Task0.V16.Lib.csproj", "{0FBB2EC7-70D1-482E-A64D-860133487CE3}"
EndProject
Project("{FAE04EC0-301F-11D3-BF4B-00C04F79EFBC}") = "Tyuiu.MakarovAY.Sprint1.Task0.V16.Test", "Tyuiu.MakarovAY.Sprint1.Task0.V16.Test\Tyuiu.MakarovAY.Sprint1.Task0.V16.Test.csproj", "{624CC39A-252D-4DE0-B570-3C4037984A88}"
EndProject
Project("{2150E333-8FDC-42A3-9474-1A3956D46DE8}") = "Task1", "Task1", "{12A9B772-5CB8-4371-96F9-35F01970A53A}"
EndProject
Project("{FAE04EC0-301F-11D3-BF4B-00C04F79EFBC}") = "Tyuiu.MakarovAY.Sprint1.Task1.V3", "Tyuiu.MakarovAY.Sprint1.Task1.V3\Tyuiu.MakarovAY.Sprint1.Task1.V3.csproj", "{4BA06D70-D6D2-40BB-9AF7-5C9F40279ACD}"
EndProject
Project("{FAE04EC0-301F-11D3-BF4B-00C04F79EFBC}") = "Tyuiu.MakarovAY.Sprint1.Task1.V3.Lib", "Tyuiu.MakarovAY.Sprint1.Task1.V3.Lib\Tyuiu.MakarovAY.Sprint1.Task1.V3.Lib.csproj", "{7C82B814-61BE-4B62-A2A9-620262D0C6FA}"
EndProject
Project("{FAE04EC0-301F-11D3-BF4B-00C04F79EFBC}") = "Tyuiu.MakarovAY.Sprint1.Task1.V3.Test", "Tyuiu.MakarovAY.Sprint1.Task1.V3.Test\Tyuiu.MakarovAY.Sprint1.Task1.V3.Test.csproj", "{FAD18EA9-F5FE-4EEF-9894-DD4AD6CB3295}"
EndProject
Project("{2150E333-8FDC-42A3-9474-1A3956D46DE8}") = "Task2", "Task2", "{CDE12EAF-C2DA-4146-B1E3-D04F42976B7C}"
EndProject
Project("{FAE04EC0-301F-11D3-BF4B-00C04F79EFBC}") = "Tyuiu.MakarovAY.Sprint1.Task2.V27", "Tyuiu.MakarovAY.Sprint1.Task2.V27\Tyuiu.MakarovAY.Sprint1.Task2.V27.csproj", "{B1C6F98E-3AC1-431E-86E8-F14DCA6BFD79}"
EndProject
Project("{FAE04EC0-301F-11D3-BF4B-00C04F79EFBC}") = "Tyuiu.MakarovAY.Sprint1.Task2.V27.Lib", "Tyuiu.MakarovAY.Sprint1.Task2.V27.Lib\Tyuiu.MakarovAY.Sprint1.Task2.V27.Lib.csproj", "{A4BD30E8-725B-45FF-A0EC-0DC4903B73B3}"
EndProject
Project("{FAE04EC0-301F-11D3-BF4B-00C04F79EFBC}") = "Tyuiu.MakarovAY.Sprint1.Task2.V27.Test", "Tyuiu.MakarovAY.Sprint1.Task2.V27.Test\Tyuiu.MakarovAY.Sprint1.Task2.V27.Test.csproj", "{B632EC78-ED60-4B56-9A6C-18C2CAEFD12A}"
EndProject
Project("{2150E333-8FDC-42A3-9474-1A3956D46DE8}") = "Task3", "Task3", "{84CE2EED-AB89-4E36-B94A-2675280CCCD2}"
EndProject
Project("{FAE04EC0-301F-11D3-BF4B-00C04F79EFBC}") = "Tyuiu.MakarovAY.Sprint1.Task3.V18", "Tyuiu.MakarovAY.Sprint1.Task3.V18\Tyuiu.MakarovAY.Sprint1.Task3.V18.csproj", "{05DE6112-97B7-45BE-8B9E-FC648F7D5021}"
EndProject
Project("{FAE04EC0-301F-11D3-BF4B-00C04F79EFBC}") = "Tyuiu.MakarovAY.Sprint1.Task3.V18.Lib", "Tyuiu.MakarovAY.Sprint1.Task3.V18.Lib\Tyuiu.MakarovAY.Sprint1.Task3.V18.Lib.csproj", "{BD8577D5-CC0C-41C5-A213-D1697B4C7D0D}"
EndProject
Project("{FAE04EC0-301F-11D3-BF4B-00C04F79EFBC}") = "Tyuiu.MakarovAY.Sprint1.Task3.V18.Test", "Tyuiu.MakarovAY.Sprint1.Task3.V18.Test\Tyuiu.MakarovAY.Sprint1.Task3.V18.Test.csproj", "{6E3C7E14-0FA6-4825-B0F5-037C29E145B2}"
EndProject
Project("{2150E333-8FDC-42A3-9474-1A3956D46DE8}") = "Task4", "Task4", "{CC378A93-7F4C-4A73-8A39-6DF60CA13FA1}"
EndProject
Project("{FAE04EC0-301F-11D3-BF4B-00C04F79EFBC}") = "Tyuiu.MakarovAY.Sprint1.Task4.V23", "Tyuiu.MakarovAY.Sprint1.Task4.V23\Tyuiu.MakarovAY.Sprint1.Task4.V23.csproj", "{B60BC1F8-910A-40F0-840D-3DBC87BE6339}"
EndProject
Project("{FAE04EC0-301F-11D3-BF4B-00C04F79EFBC}") = "Tyuiu.MakarovAY.Sprint1.Task4.V23.Lib", "Tyuiu.MakarovAY.Sprint1.Task4.V23.Lib\Tyuiu.MakarovAY.Sprint1.Task4.V23.Lib.csproj", "{CE0C25A5-5BFF-46FD-9912-3A70EDC58F56}"
EndProject
Project("{FAE04EC0-301F-11D3-BF4B-00C04F79EFBC}") = "Tyuiu.MakarovAY.Sprint1.Task4.V23.Test", "Tyuiu.MakarovAY.Sprint1.Task4.V23.Test\Tyuiu.MakarovAY.Sprint1.Task4.V23.Test.csproj", "{6904C305-C582-40E4-819D-A65C4733FEDB}"
EndProject
Global
	GlobalSection(SolutionConfigurationPlatforms) = preSolution
		Debug|Any CPU = Debug|Any CPU
		Release|Any CPU = Release|Any CPU
	EndGlobalSection
	GlobalSection(ProjectConfigurationPlatforms) = postSolution
		{0C2BD0A3-ADF6-4900-BEFE-D44FBE0147D6}.Debug|Any CPU.ActiveCfg = Debug|Any CPU
		{0C2BD0A3-ADF6-4900-BEFE-D44FBE0147D6}.Debug|Any CPU.Build.0 = Debug|Any CPU
		{0C2BD0A3-ADF6-4900-BEFE-D44FBE0147D6}.Release|Any CPU.ActiveCfg = Release|Any CPU
		{0C2BD0A3-ADF6-4900-BEFE-D44FBE0147D6}.Release|Any CPU.Build.0 = Release|Any CPU
		{0FBB2EC7-70D1-482E-A64D-860133487CE3}.Debug|Any CPU.ActiveCfg = Debug|Any CPU
		{0FBB2EC7-70D1-482E-A64D-860133487CE3}.Debug|Any CPU.Build.0 = Debug|Any CPU
		{0FBB2EC7-70D1-482E-A64D-860133487CE3}.Release|Any CPU.ActiveCfg = Release|Any CPU
		{0FBB2EC7-70D1-482E-A64D-860133487CE3}.Release|Any CPU.Build.0 = Release|Any CPU
		{624CC39A-252D-4DE0-B570-3C4037984A88}.Debug|Any CPU.ActiveCfg = Debug|Any CPU
		{624CC39A-252D-4DE0-B570-3C4037984A88}.Debug|Any CPU.Build.0 = Debug|Any CPU
		{624CC39A-252D-4DE0-B570-3C4037984A88}.Release|Any CPU.ActiveCfg = Release|Any CPU
		{624CC39A-252D-4DE0-B570-3C4037984A88}.Release|Any CPU.Build.0 = Release|Any CPU
		{4BA06D70-D6D2-40BB-9AF7-5C9F40279ACD}.Debug|Any CPU.ActiveCfg = Debug|Any CPU
		{4BA06D70-D6D2-40BB-9AF7-5C9F40279ACD}.Debug|Any CPU.Build.0 = Debug|Any CPU
		{4BA06D70-D6D2-40BB-9AF7-5C9F40279ACD}.Release|Any CPU.ActiveCfg = Release|Any CPU
		{4BA06D70-D6D2-40BB-9AF7-5C9F40279ACD}.Release|Any CPU.Build.0 = Release|Any CPU
		{7C82B814-61BE-4B62-A2A9-620262D0C6FA}.Debug|Any CPU.ActiveCfg = Debug|Any CPU
		{7C82B814-61BE-4B62-A2A9-620262D0C6FA}.Debug|Any CPU.Build.0 = Debug|Any CPU
		{7C82B814-61BE-4B62-A2A9-620262D0C6FA}.Release|Any CPU.ActiveCfg = Release|Any CPU
		{7C82B814-61BE-4B62-A2A9-620262D0C6FA}.Release|Any CPU.Build.0 = Release|Any CPU
		{FAD18EA9-F5FE-4EEF-9894-DD4AD6CB3295}.Debug|Any CPU.ActiveCfg = Debug|Any CPU
		{FAD18EA9-F5FE-4EEF-9894-DD4AD6CB3295}.Debug|Any CPU.Build.0 = Debug|Any CPU
		{FAD18EA9-F5FE-4EEF-9894-DD4AD6CB3295}.Release|Any CPU.ActiveCfg = Release|Any CPU
		{FAD18EA9-F5FE-4EEF-9894-DD4AD6CB3295}.Release|Any CPU.Build.0 = Release|Any CPU
		{B1C6F98E-3AC1-431E-86E8-F14DCA6BFD79}.Debug|Any CPU.ActiveCfg = Debug|Any CPU
		{B1C6F98E-3AC1-431E-86E8-F14DCA6BFD79}.Debug|Any CPU.Build.0 = Debug|Any CPU
		{B1C6F98E-3AC1-431E-86E8-F14DCA6BFD79}.Release|Any CPU.ActiveCfg = Release|Any CPU
		{B1C6F98E-3AC1-431E-86E8-F14DCA6BFD79}.Release|Any CPU.Build.0 = Release|Any CPU
		{A4BD30E8-725B-45FF-A0EC-0DC4903B73B3}.Debug|Any CPU.ActiveCfg = Debug|Any CPU
		{A4BD30E8-725B-45FF-A0EC-0DC4903B73B3}.Debug|Any CPU.Build.0 = Debug|Any CPU
		{A4BD30E8-725B-45FF-A0EC-0DC4903B73B3}.Release|Any CPU.ActiveCfg = Release|Any CPU
		{A4BD30E8-725B-45FF-A0EC-0DC4903B73B3}.Release|Any CPU.Build.0 = Release|Any CPU
		{B632EC78-ED60-4B56-9A6C-18C2CAEFD12A}.Debug|Any CPU.ActiveCfg = Debug|Any CPU
		{B632EC78-ED60-4B56-9A6C-18C2CAEFD12A}.Debug|Any CPU.Build.0 = Debug|Any CPU
		{B632EC78-ED60-4B56-9A6C-18C2CAEFD12A}.Release|Any CPU.ActiveCfg = Release|Any CPU
		{B632EC78-ED60-4B56-9A6C-18C2CAEFD12A}.Release|Any CPU.Build.0 = Release|Any CPU
		{05DE6112-97B7-45BE-8B9E-FC648F7D5021}.Debug|Any CPU.ActiveCfg = Debug|Any CPU
		{05DE6112-97B7-45BE-8B9E-FC648F7D5021}.Debug|Any CPU.Build.0 = Debug|Any CPU
		{05DE6112-97B7-45BE-8B9E-FC648F7D5021}.Release|Any CPU.ActiveCfg = Release|Any CPU
		{05DE6112-97B7-45BE-8B9E-FC648F7D5021}.Release|Any CPU.Build.0 = Release|Any CPU
		{BD8577D5-CC0C-41C5-A213-D1697B4C7D0D}.Debug|Any CPU.ActiveCfg = Debug|Any CPU
		{BD8577D5-CC0C-41C5-A213-D1697B4C7D0D}.Debug|Any CPU.Build.0 = Debug|Any CPU
		{BD8577D5-CC0C-41C5-A213-D1697B4C7D0D}.Release|Any CPU.ActiveCfg = Release|Any CPU
		{BD8577D5-CC0C-41C5-A213-D1697B4C7D0D}.Release|Any CPU.Build.0 = Release|Any CPU
		{6E3C7E14-0FA6-4825-B0F5-037C29E145B2}.Debug|Any CPU.ActiveCfg = Debug|Any CPU
		{6E3C7E14-0FA6-4825-B0F5-037C29E145B2}.Debug|Any CPU.Build.0 = Debug|Any CPU
		{6E3C7E14-0FA6-4825-B0F5-037C29E145B2}.Release|Any CPU.ActiveCfg = Release|Any CPU
		{6E3C7E14-0FA6-4825-B0F5-037C29E145B2}.Release|Any CPU.Build.0 = Release|Any CPU
		{B60BC1F8-910A-40F0-840D-3DBC87BE6339}.Debug|Any CPU.ActiveCfg = Debug|Any CPU
		{B60BC1F8-910A-40F0-840D-3DBC87BE6339}.Debug|Any CPU.Build.0 = Debug|Any CPU
		{B60BC1F8-910A-40F0-840D-3DBC87BE6339}.Release|Any CPU.ActiveCfg = Release|Any CPU
		{B60BC1F8-910A-40F0-840D-3DBC87BE6339}.Release|Any CPU.Build.0 = Release|Any CPU
		{CE0C25A5-5BFF-46FD-9912-3A70EDC58F56}.Debug|Any CPU.ActiveCfg = Debug|Any CPU
		{CE0C25A5-5BFF-46FD-9912-3A70EDC58F56}.Debug|Any CPU.Build.0 = Debug|Any CPU
		{CE0C25A5-5BFF-46FD-9912-3A70EDC58F56}.Release|Any CPU.ActiveCfg = Release|Any CPU
		{CE0C25A5-5BFF-46FD-9912-3A70EDC58F56}.Release|Any CPU.Build.0 = Release|Any CPU
		{6904C305-C582-40E4-819D-A65C4733FEDB}.Debug|Any CPU.ActiveCfg = Debug|Any CPU
		{6904C305-C582-40E4-819D-A65C4733FEDB}.Debug|Any CPU.Build.0 = Debug|Any CPU
		{6904C305-C582-40E4-819D-A65C4733FEDB}.Release|Any CPU.ActiveCfg = Release|Any CPU
		{6904C305-C582-40E4-819D-A65C4733FEDB}.Release|Any CPU.Build.0 = Release|Any CPU
	EndGlobalSection
	GlobalSection(SolutionProperties) = preSolution
		HideSolutionNode = FALSE
	EndGlobalSection
	GlobalSection(NestedProjects) = preSolution
		{0C2BD0A3-ADF6-4900-BEFE-D44FBE0147D6} = {02EA681E-C7D8-13C7-8484-4AC65E1B71E8}
		{0FBB2EC7-70D1-482E-A64D-860133487CE3} = {02EA681E-C7D8-13C7-8484-4AC65E1B71E8}
		{624CC39A-252D-4DE0-B570-3C4037984A88} = {02EA681E-C7D8-13C7-8484-4AC65E1B71E8}
		{4BA06D70-D6D2-40BB-9AF7-5C9F40279ACD} = {12A9B772-5CB8-4371-96F9-35F01970A53A}
		{7C82B814-61BE-4B62-A2A9-620262D0C6FA} = {12A9B772-5CB8-4371-96F9-35F01970A53A}
		{FAD18EA9-F5FE-4EEF-9894-DD4AD6CB3295} = {12A9B772-5CB8-4371-96F9-35F01970A53A}
		{B1C6F98E-3AC1-431E-86E8-F14DCA6BFD79} = {CDE12EAF-C2DA-4146-B1E3-D04F42976B7C}
		{A4BD30E8-725B-45FF-A0EC-0DC4903B73B3} = {CDE12EAF-C2DA-4146-B1E3-D04F42976B7C}
		{B632EC78-ED60-4B56-9A6C-18C2CAEFD12A} = {CDE12EAF-C2DA-4146-B1E3-D04F42976B7C}
		{05DE6112-97B7-45BE-8B9E-FC648F7D5021} = {84CE2EED-AB89-4E36-B94A-2675280CCCD2}
		{BD8577D5-CC0C-41C5-A213-D1697B4C7D0D} = {84CE2EED-AB89-4E36-B94A-2675280CCCD2}
		{6E3C7E14-0FA6-4825-B0F5-037C29E145B2} = {84CE2EED-AB89-4E36-B94A-2675280CCCD2}
		{B60BC1F8-910A-40F0-840D-3DBC87BE6339} = {CC378A93-7F4C-4A73-8A39-6DF60CA13FA1}
		{CE0C25A5-5BFF-46FD-9912-3A70EDC58F56} = {CC378A93-7F4C-4A73-8A39-6DF60CA13FA1}
		{6904C305-C582-40E4-819D-A65C4733FEDB} = {CC378A93-7F4C-4A73-8A39-6DF60CA13FA1}
	EndGlobalSection
	GlobalSection(ExtensibilityGlobals) = postSolution
		SolutionGuid = {FFAE02B3-7A7D-43BE-A55B-38CA4D7DB8CB}
	EndGlobalSection
EndGlobal
